
Microsoft Visual Studio Solution File, Format Version 12.00
# Visual Studio Version 16
VisualStudioVersion = 16.0.30621.155
MinimumVisualStudioVersion = 10.0.40219.1
Project("{FAE04EC0-301F-11D3-BF4B-00C04F79EFBC}") = "pis_projekt", "pis_projekt\pis_projekt.csproj", "{B9B8F4B0-2ECE-4243-B638-B7D7D2A8C412}"
EndProject
Global
	GlobalSection(SolutionConfigurationPlatforms) = preSolution
		Debug|Any CPU = Debug|Any CPU
		Release|Any CPU = Release|Any CPU
	EndGlobalSection
	GlobalSection(ProjectConfigurationPlatforms) = postSolution
		{B9B8F4B0-2ECE-4243-B638-B7D7D2A8C412}.Debug|Any CPU.ActiveCfg = Debug|Any CPU
		{B9B8F4B0-2ECE-4243-B638-B7D7D2A8C412}.Debug|Any CPU.Build.0 = Debug|Any CPU
		{B9B8F4B0-2ECE-4243-B638-B7D7D2A8C412}.Release|Any CPU.ActiveCfg = Release|Any CPU
		{B9B8F4B0-2ECE-4243-B638-B7D7D2A8C412}.Release|Any CPU.Build.0 = Release|Any CPU
	EndGlobalSection
	GlobalSection(SolutionProperties) = preSolution
		HideSolutionNode = FALSE
	EndGlobalSection
	GlobalSection(ExtensibilityGlobals) = postSolution
		SolutionGuid = {F3F34312-B347-47F5-B15D-8B0527A97758}
	EndGlobalSection
EndGlobal
